{
  "name": "NFTickets",
  "lockfileVersion": 3,
  "requires": true,
  "packages": {
    "": {
      "dependencies": {
        "chakra": "^0.0.3"
      }
    },
    "node_modules/chakra": {
      "version": "0.0.3",
      "resolved": "https://registry.npmjs.org/chakra/-/chakra-0.0.3.tgz",
      "integrity": "sha512-KELGkVGvHQPdMcmUZLDTbiYoTsAuSjetq8zeUQm+YrF8mhLJAWNjZBPVkWSgrqH2ahRW1W3UEVzvTUGgFVbwlA==",
      "engines": {
        "node": "*"
      }
    }
  }
}
